
Microsoft Visual Studio Solution File, Format Version 12.00
# Visual Studio Version 16
VisualStudioVersion = 25.0.1706.0
MinimumVisualStudioVersion = 10.0.40219.1
Project("{FAE04EC0-301F-11D3-BF4B-00C04F79EFBC}") = "URLShortenerAPI", "URLShortenerAPI\URLShortenerAPI.csproj", "{7AB3D11E-B67B-4C59-A40E-B7881F2B9EE5}"
EndProject
Project("{FAE04EC0-301F-11D3-BF4B-00C04F79EFBC}") = "Services", "Services\Services.csproj", "{F98FFE1B-2917-4B89-929C-3F396BC9C039}"
EndProject
Project("{FAE04EC0-301F-11D3-BF4B-00C04F79EFBC}") = "Models", "Models\Models.csproj", "{252BD232-EF52-48D0-A2A0-A12A3145D85F}"
EndProject
Global
	GlobalSection(SolutionConfigurationPlatforms) = preSolution
		Debug|Any CPU = Debug|Any CPU
		Release|Any CPU = Release|Any CPU
	EndGlobalSection
	GlobalSection(ProjectConfigurationPlatforms) = postSolution
		{7AB3D11E-B67B-4C59-A40E-B7881F2B9EE5}.Debug|Any CPU.ActiveCfg = Debug|Any CPU
		{7AB3D11E-B67B-4C59-A40E-B7881F2B9EE5}.Debug|Any CPU.Build.0 = Debug|Any CPU
		{7AB3D11E-B67B-4C59-A40E-B7881F2B9EE5}.Release|Any CPU.ActiveCfg = Release|Any CPU
		{7AB3D11E-B67B-4C59-A40E-B7881F2B9EE5}.Release|Any CPU.Build.0 = Release|Any CPU
		{F98FFE1B-2917-4B89-929C-3F396BC9C039}.Debug|Any CPU.ActiveCfg = Debug|Any CPU
		{F98FFE1B-2917-4B89-929C-3F396BC9C039}.Debug|Any CPU.Build.0 = Debug|Any CPU
		{F98FFE1B-2917-4B89-929C-3F396BC9C039}.Release|Any CPU.ActiveCfg = Release|Any CPU
		{F98FFE1B-2917-4B89-929C-3F396BC9C039}.Release|Any CPU.Build.0 = Release|Any CPU
		{252BD232-EF52-48D0-A2A0-A12A3145D85F}.Debug|Any CPU.ActiveCfg = Debug|Any CPU
		{252BD232-EF52-48D0-A2A0-A12A3145D85F}.Debug|Any CPU.Build.0 = Debug|Any CPU
		{252BD232-EF52-48D0-A2A0-A12A3145D85F}.Release|Any CPU.ActiveCfg = Release|Any CPU
		{252BD232-EF52-48D0-A2A0-A12A3145D85F}.Release|Any CPU.Build.0 = Release|Any CPU
	EndGlobalSection
	GlobalSection(SolutionProperties) = preSolution
		HideSolutionNode = FALSE
	EndGlobalSection
	GlobalSection(ExtensibilityGlobals) = postSolution
		SolutionGuid = {8EC0DB2A-023E-4307-9073-ACCEBE2DC648}
	EndGlobalSection
EndGlobal
